
Microsoft Visual Studio Solution File, Format Version 12.00
# Visual Studio Version 17
VisualStudioVersion = 17.6.33801.468
MinimumVisualStudioVersion = 10.0.40219.1
Project("{2150E333-8FDC-42A3-9474-1A3956D46DE8}") = "1.1-Presentation", "1.1-Presentation", "{2E9B3877-BCB9-4655-BCED-A50EAEFD70AB}"
EndProject
Project("{2150E333-8FDC-42A3-9474-1A3956D46DE8}") = "2-Application", "2-Application", "{2DF49E52-E42B-413F-9495-76492891C0C7}"
EndProject
Project("{2150E333-8FDC-42A3-9474-1A3956D46DE8}") = "3-Services", "3-Services", "{F51D4E6E-7AC3-4FDE-A7CB-2AC50B58AEB8}"
EndProject
Project("{2150E333-8FDC-42A3-9474-1A3956D46DE8}") = "4-Domain", "4-Domain", "{FA157394-AF0C-49D8-9133-E6E6600A62C9}"
EndProject
Project("{2150E333-8FDC-42A3-9474-1A3956D46DE8}") = "5-Infraestructure", "5-Infraestructure", "{270CCDC6-54ED-4ECB-A757-CCECE69E8999}"
EndProject
Project("{2150E333-8FDC-42A3-9474-1A3956D46DE8}") = "6-Util", "6-Util", "{AE2E3547-5157-48CF-8B7D-5D63044C5A49}"
EndProject
Project("{9A19103F-16F7-4668-BE54-9A1E7A4F7556}") = "Query.API.Kernel", "1.1-Presentation\Query.API.Kernel\Query.API.Kernel.csproj", "{D6796D1C-4D40-47D0-8B92-1B5071FF1318}"
EndProject
Project("{2150E333-8FDC-42A3-9474-1A3956D46DE8}") = "Core", "Core", "{C842962A-64EC-4CB1-B1B8-F6ACD402146C}"
EndProject
Project("{9A19103F-16F7-4668-BE54-9A1E7A4F7556}") = "Query.API.Kernel.Service.Core.APIBASE", "1.1-Presentation\Core\Query.API.Kernel.Service.Core.APIBASE\Query.API.Kernel.Service.Core.APIBASE.csproj", "{6A4159FD-B700-4E85-85C1-58349BB33331}"
EndProject
Project("{2150E333-8FDC-42A3-9474-1A3956D46DE8}") = "Core", "Core", "{12A1FFF4-B8E5-4023-8C0C-48C943B94D1F}"
EndProject
Project("{9A19103F-16F7-4668-BE54-9A1E7A4F7556}") = "Query.API.Kernel.Application", "2.2-Application\Query.API.Kernel.Application\Query.API.Kernel.Application.csproj", "{2FE8B816-9239-4829-B2C8-C13ACAE6528E}"
EndProject
Project("{9A19103F-16F7-4668-BE54-9A1E7A4F7556}") = "Query.API.Kernel.Application.Worker", "2.2-Application\Query.API.Kernel.Application.Worker\Query.API.Kernel.Application.Worker.csproj", "{BFE08CAB-CC5F-40D5-B2FE-588F1E5A5D86}"
EndProject
Project("{2150E333-8FDC-42A3-9474-1A3956D46DE8}") = "Core", "Core", "{57F2203C-0A5F-4A87-B503-ED6910B0CE90}"
EndProject
Project("{9A19103F-16F7-4668-BE54-9A1E7A4F7556}") = "Query.API.Kernel.Domain", "4-Domain\Query.API.Kernel.Domain\Query.API.Kernel.Domain.csproj", "{4F2DF050-D292-428E-89FB-0B0F7AEB967E}"
EndProject
Project("{9A19103F-16F7-4668-BE54-9A1E7A4F7556}") = "Query.API.Kernel.Domain.Contracts", "4-Domain\Query.API.Kernel.Domain.Contracts\Query.API.Kernel.Domain.Contracts.csproj", "{1709C55D-5932-4684-B3C1-932DAA240C6C}"
EndProject
Project("{2150E333-8FDC-42A3-9474-1A3956D46DE8}") = "5.1-Data", "5.1-Data", "{752E4D49-CB75-4B1D-80C1-FDD11F206C0E}"
EndProject
Project("{2150E333-8FDC-42A3-9474-1A3956D46DE8}") = "Core", "Core", "{A119FD91-238C-497F-BC8E-AF8FF802EBEE}"
EndProject
Project("{9A19103F-16F7-4668-BE54-9A1E7A4F7556}") = "Query.API.Kernel.DataAccess.Persistence", "5-Infraestructures\5.1-Data\Core\Query.API.Kernel.DataAccess.Persisten\Query.API.Kernel.DataAccess.Persistence.csproj", "{5326BA50-81D0-46F8-A5F6-1AA5DD6CE5D5}"
EndProject
Project("{9A19103F-16F7-4668-BE54-9A1E7A4F7556}") = "Query.API.Kernel.Domain.Core", "4-Domain\Core\Query.API.Kernel.Domain.Core\Query.API.Kernel.Domain.Core.csproj", "{BE86EAE8-6D59-4AF4-8BBA-EBE41E5058D4}"
EndProject
Project("{9A19103F-16F7-4668-BE54-9A1E7A4F7556}") = "Query.API.Kernel.Util", "6-Util\Core\Query.API.Kernel.Util\Query.API.Kernel.Util.csproj", "{F59E0076-BF26-40A2-A0D1-25DAB493AC5D}"
EndProject
Project("{9A19103F-16F7-4668-BE54-9A1E7A4F7556}") = "Query.API.Kernel.DataAccess", "5-Infraestructures\5.1-Data\Query.API.Kernel.DataAccess\Query.API.Kernel.DataAccess.csproj", "{B6505763-C429-4FCF-923F-1F7DF6CE1EC8}"
EndProject
Project("{2150E333-8FDC-42A3-9474-1A3956D46DE8}") = "Core", "Core", "{B378CA35-4598-4E4A-B4F9-55DC834C0779}"
EndProject
Global
	GlobalSection(SolutionConfigurationPlatforms) = preSolution
		Debug|Any CPU = Debug|Any CPU
		Release|Any CPU = Release|Any CPU
	EndGlobalSection
	GlobalSection(ProjectConfigurationPlatforms) = postSolution
		{D6796D1C-4D40-47D0-8B92-1B5071FF1318}.Debug|Any CPU.ActiveCfg = Debug|Any CPU
		{D6796D1C-4D40-47D0-8B92-1B5071FF1318}.Debug|Any CPU.Build.0 = Debug|Any CPU
		{D6796D1C-4D40-47D0-8B92-1B5071FF1318}.Release|Any CPU.ActiveCfg = Release|Any CPU
		{D6796D1C-4D40-47D0-8B92-1B5071FF1318}.Release|Any CPU.Build.0 = Release|Any CPU
		{6A4159FD-B700-4E85-85C1-58349BB33331}.Debug|Any CPU.ActiveCfg = Debug|Any CPU
		{6A4159FD-B700-4E85-85C1-58349BB33331}.Debug|Any CPU.Build.0 = Debug|Any CPU
		{6A4159FD-B700-4E85-85C1-58349BB33331}.Release|Any CPU.ActiveCfg = Release|Any CPU
		{6A4159FD-B700-4E85-85C1-58349BB33331}.Release|Any CPU.Build.0 = Release|Any CPU
		{2FE8B816-9239-4829-B2C8-C13ACAE6528E}.Debug|Any CPU.ActiveCfg = Debug|Any CPU
		{2FE8B816-9239-4829-B2C8-C13ACAE6528E}.Debug|Any CPU.Build.0 = Debug|Any CPU
		{2FE8B816-9239-4829-B2C8-C13ACAE6528E}.Release|Any CPU.ActiveCfg = Release|Any CPU
		{2FE8B816-9239-4829-B2C8-C13ACAE6528E}.Release|Any CPU.Build.0 = Release|Any CPU
		{BFE08CAB-CC5F-40D5-B2FE-588F1E5A5D86}.Debug|Any CPU.ActiveCfg = Debug|Any CPU
		{BFE08CAB-CC5F-40D5-B2FE-588F1E5A5D86}.Debug|Any CPU.Build.0 = Debug|Any CPU
		{BFE08CAB-CC5F-40D5-B2FE-588F1E5A5D86}.Release|Any CPU.ActiveCfg = Release|Any CPU
		{BFE08CAB-CC5F-40D5-B2FE-588F1E5A5D86}.Release|Any CPU.Build.0 = Release|Any CPU
		{4F2DF050-D292-428E-89FB-0B0F7AEB967E}.Debug|Any CPU.ActiveCfg = Debug|Any CPU
		{4F2DF050-D292-428E-89FB-0B0F7AEB967E}.Debug|Any CPU.Build.0 = Debug|Any CPU
		{4F2DF050-D292-428E-89FB-0B0F7AEB967E}.Release|Any CPU.ActiveCfg = Release|Any CPU
		{4F2DF050-D292-428E-89FB-0B0F7AEB967E}.Release|Any CPU.Build.0 = Release|Any CPU
		{1709C55D-5932-4684-B3C1-932DAA240C6C}.Debug|Any CPU.ActiveCfg = Debug|Any CPU
		{1709C55D-5932-4684-B3C1-932DAA240C6C}.Debug|Any CPU.Build.0 = Debug|Any CPU
		{1709C55D-5932-4684-B3C1-932DAA240C6C}.Release|Any CPU.ActiveCfg = Release|Any CPU
		{1709C55D-5932-4684-B3C1-932DAA240C6C}.Release|Any CPU.Build.0 = Release|Any CPU
		{5326BA50-81D0-46F8-A5F6-1AA5DD6CE5D5}.Debug|Any CPU.ActiveCfg = Debug|Any CPU
		{5326BA50-81D0-46F8-A5F6-1AA5DD6CE5D5}.Debug|Any CPU.Build.0 = Debug|Any CPU
		{5326BA50-81D0-46F8-A5F6-1AA5DD6CE5D5}.Release|Any CPU.ActiveCfg = Release|Any CPU
		{5326BA50-81D0-46F8-A5F6-1AA5DD6CE5D5}.Release|Any CPU.Build.0 = Release|Any CPU
		{BE86EAE8-6D59-4AF4-8BBA-EBE41E5058D4}.Debug|Any CPU.ActiveCfg = Debug|Any CPU
		{BE86EAE8-6D59-4AF4-8BBA-EBE41E5058D4}.Debug|Any CPU.Build.0 = Debug|Any CPU
		{BE86EAE8-6D59-4AF4-8BBA-EBE41E5058D4}.Release|Any CPU.ActiveCfg = Release|Any CPU
		{BE86EAE8-6D59-4AF4-8BBA-EBE41E5058D4}.Release|Any CPU.Build.0 = Release|Any CPU
		{F59E0076-BF26-40A2-A0D1-25DAB493AC5D}.Debug|Any CPU.ActiveCfg = Debug|Any CPU
		{F59E0076-BF26-40A2-A0D1-25DAB493AC5D}.Debug|Any CPU.Build.0 = Debug|Any CPU
		{F59E0076-BF26-40A2-A0D1-25DAB493AC5D}.Release|Any CPU.ActiveCfg = Release|Any CPU
		{F59E0076-BF26-40A2-A0D1-25DAB493AC5D}.Release|Any CPU.Build.0 = Release|Any CPU
		{B6505763-C429-4FCF-923F-1F7DF6CE1EC8}.Debug|Any CPU.ActiveCfg = Debug|Any CPU
		{B6505763-C429-4FCF-923F-1F7DF6CE1EC8}.Debug|Any CPU.Build.0 = Debug|Any CPU
		{B6505763-C429-4FCF-923F-1F7DF6CE1EC8}.Release|Any CPU.ActiveCfg = Release|Any CPU
		{B6505763-C429-4FCF-923F-1F7DF6CE1EC8}.Release|Any CPU.Build.0 = Release|Any CPU
	EndGlobalSection
	GlobalSection(SolutionProperties) = preSolution
		HideSolutionNode = FALSE
	EndGlobalSection
	GlobalSection(NestedProjects) = preSolution
		{D6796D1C-4D40-47D0-8B92-1B5071FF1318} = {2E9B3877-BCB9-4655-BCED-A50EAEFD70AB}
		{C842962A-64EC-4CB1-B1B8-F6ACD402146C} = {2E9B3877-BCB9-4655-BCED-A50EAEFD70AB}
		{6A4159FD-B700-4E85-85C1-58349BB33331} = {C842962A-64EC-4CB1-B1B8-F6ACD402146C}
		{12A1FFF4-B8E5-4023-8C0C-48C943B94D1F} = {2DF49E52-E42B-413F-9495-76492891C0C7}
		{2FE8B816-9239-4829-B2C8-C13ACAE6528E} = {2DF49E52-E42B-413F-9495-76492891C0C7}
		{BFE08CAB-CC5F-40D5-B2FE-588F1E5A5D86} = {2DF49E52-E42B-413F-9495-76492891C0C7}
		{57F2203C-0A5F-4A87-B503-ED6910B0CE90} = {FA157394-AF0C-49D8-9133-E6E6600A62C9}
		{4F2DF050-D292-428E-89FB-0B0F7AEB967E} = {FA157394-AF0C-49D8-9133-E6E6600A62C9}
		{1709C55D-5932-4684-B3C1-932DAA240C6C} = {FA157394-AF0C-49D8-9133-E6E6600A62C9}
		{752E4D49-CB75-4B1D-80C1-FDD11F206C0E} = {270CCDC6-54ED-4ECB-A757-CCECE69E8999}
		{A119FD91-238C-497F-BC8E-AF8FF802EBEE} = {752E4D49-CB75-4B1D-80C1-FDD11F206C0E}
		{5326BA50-81D0-46F8-A5F6-1AA5DD6CE5D5} = {A119FD91-238C-497F-BC8E-AF8FF802EBEE}
		{BE86EAE8-6D59-4AF4-8BBA-EBE41E5058D4} = {57F2203C-0A5F-4A87-B503-ED6910B0CE90}
		{F59E0076-BF26-40A2-A0D1-25DAB493AC5D} = {AE2E3547-5157-48CF-8B7D-5D63044C5A49}
		{B6505763-C429-4FCF-923F-1F7DF6CE1EC8} = {752E4D49-CB75-4B1D-80C1-FDD11F206C0E}
		{B378CA35-4598-4E4A-B4F9-55DC834C0779} = {AE2E3547-5157-48CF-8B7D-5D63044C5A49}
	EndGlobalSection
	GlobalSection(ExtensibilityGlobals) = postSolution
		SolutionGuid = {7350D382-96FF-4B0B-B3E5-BA6FADEB8E79}
	EndGlobalSection
EndGlobal
