
Microsoft Visual Studio Solution File, Format Version 12.00
# Visual Studio Version 17
VisualStudioVersion = 17.6.33801.468
MinimumVisualStudioVersion = 10.0.40219.1
Project("{2150E333-8FDC-42A3-9474-1A3956D46DE8}") = "1.1-Presentation", "1.1-Presentation", "{2E9B3877-BCB9-4655-BCED-A50EAEFD70AB}"
EndProject
Project("{2150E333-8FDC-42A3-9474-1A3956D46DE8}") = "2-Application", "2-Application", "{2DF49E52-E42B-413F-9495-76492891C0C7}"
EndProject
Project("{2150E333-8FDC-42A3-9474-1A3956D46DE8}") = "3-Services", "3-Services", "{F51D4E6E-7AC3-4FDE-A7CB-2AC50B58AEB8}"
EndProject
Project("{2150E333-8FDC-42A3-9474-1A3956D46DE8}") = "4-Domain", "4-Domain", "{FA157394-AF0C-49D8-9133-E6E6600A62C9}"
EndProject
Project("{2150E333-8FDC-42A3-9474-1A3956D46DE8}") = "5-Infraestructure", "5-Infraestructure", "{270CCDC6-54ED-4ECB-A757-CCECE69E8999}"
EndProject
Project("{2150E333-8FDC-42A3-9474-1A3956D46DE8}") = "6-Util", "6-Util", "{AE2E3547-5157-48CF-8B7D-5D63044C5A49}"
EndProject
Project("{FAE04EC0-301F-11D3-BF4B-00C04F79EFBC}") = "Query.API.Kernel", "1.1-Presentation\Query.API.Kernel\Query.API.Kernel.csproj", "{D6796D1C-4D40-47D0-8B92-1B5071FF1318}"
EndProject
Global
	GlobalSection(SolutionConfigurationPlatforms) = preSolution
		Debug|Any CPU = Debug|Any CPU
		Release|Any CPU = Release|Any CPU
	EndGlobalSection
	GlobalSection(ProjectConfigurationPlatforms) = postSolution
		{D6796D1C-4D40-47D0-8B92-1B5071FF1318}.Debug|Any CPU.ActiveCfg = Debug|Any CPU
		{D6796D1C-4D40-47D0-8B92-1B5071FF1318}.Debug|Any CPU.Build.0 = Debug|Any CPU
		{D6796D1C-4D40-47D0-8B92-1B5071FF1318}.Release|Any CPU.ActiveCfg = Release|Any CPU
		{D6796D1C-4D40-47D0-8B92-1B5071FF1318}.Release|Any CPU.Build.0 = Release|Any CPU
	EndGlobalSection
	GlobalSection(SolutionProperties) = preSolution
		HideSolutionNode = FALSE
	EndGlobalSection
	GlobalSection(NestedProjects) = preSolution
		{D6796D1C-4D40-47D0-8B92-1B5071FF1318} = {2E9B3877-BCB9-4655-BCED-A50EAEFD70AB}
	EndGlobalSection
	GlobalSection(ExtensibilityGlobals) = postSolution
		SolutionGuid = {7350D382-96FF-4B0B-B3E5-BA6FADEB8E79}
	EndGlobalSection
EndGlobal
